
Microsoft Visual Studio Solution File, Format Version 12.00
# Visual Studio Version 17
VisualStudioVersion = 17.10.35027.167
MinimumVisualStudioVersion = 10.0.40219.1
Project("{FAE04EC0-301F-11D3-BF4B-00C04F79EFBC}") = "LinqTest02", "LinqTest02\LinqTest02.csproj", "{3D821D82-7624-4A5A-AF37-0DF25AE72F53}"
EndProject
Global
	GlobalSection(SolutionConfigurationPlatforms) = preSolution
		Debug|Any CPU = Debug|Any CPU
		Release|Any CPU = Release|Any CPU
	EndGlobalSection
	GlobalSection(ProjectConfigurationPlatforms) = postSolution
		{3D821D82-7624-4A5A-AF37-0DF25AE72F53}.Debug|Any CPU.ActiveCfg = Debug|Any CPU
		{3D821D82-7624-4A5A-AF37-0DF25AE72F53}.Debug|Any CPU.Build.0 = Debug|Any CPU
		{3D821D82-7624-4A5A-AF37-0DF25AE72F53}.Release|Any CPU.ActiveCfg = Release|Any CPU
		{3D821D82-7624-4A5A-AF37-0DF25AE72F53}.Release|Any CPU.Build.0 = Release|Any CPU
	EndGlobalSection
	GlobalSection(SolutionProperties) = preSolution
		HideSolutionNode = FALSE
	EndGlobalSection
	GlobalSection(ExtensibilityGlobals) = postSolution
		SolutionGuid = {139F2BAF-5B75-42B4-9447-04385E2C25BD}
	EndGlobalSection
EndGlobal
